// !$*UTF8*$!
{
	archiveVersion = 1;
	classes = {
	};
	objectVersion = 56;
	objects = {

/* Begin PBXBuildFile section */
		6B4D5A912B7512DB000B1901 /* VideoWebRTCApp.swift in Sources */ = {isa = PBXBuildFile; fileRef = 6B4D5A902B7512DB000B1901 /* VideoWebRTCApp.swift */; };
		6B4D5A952B7512DD000B1901 /* Assets.xcassets in Resources */ = {isa = PBXBuildFile; fileRef = 6B4D5A942B7512DD000B1901 /* Assets.xcassets */; };
		6B4D5A982B7512DD000B1901 /* Preview Assets.xcassets in Resources */ = {isa = PBXBuildFile; fileRef = 6B4D5A972B7512DD000B1901 /* Preview Assets.xcassets */; };
		6B4D5AA02B751301000B1901 /* MainView.swift in Sources */ = {isa = PBXBuildFile; fileRef = 6B4D5A9F2B751301000B1901 /* MainView.swift */; };
		6B4D5AA52B753F56000B1901 /* WebRTC in Frameworks */ = {isa = PBXBuildFile; productRef = 6B4D5AA42B753F56000B1901 /* WebRTC */; };
		6B4D5AA82B7540A0000B1901 /* Starscream in Frameworks */ = {isa = PBXBuildFile; productRef = 6B4D5AA72B7540A0000B1901 /* Starscream */; };
		6B4D5AAB2B754262000B1901 /* MainViewController.swift in Sources */ = {isa = PBXBuildFile; fileRef = 6B4D5AAA2B754262000B1901 /* MainViewController.swift */; };
		6B4D5AB62B75445D000B1901 /* Message.swift in Sources */ = {isa = PBXBuildFile; fileRef = 6B4D5AAF2B75445D000B1901 /* Message.swift */; };
		6B4D5AB72B75445D000B1901 /* WebSocketProvider.swift in Sources */ = {isa = PBXBuildFile; fileRef = 6B4D5AB12B75445D000B1901 /* WebSocketProvider.swift */; };
		6B4D5AB82B75445D000B1901 /* NativeWebSocket.swift in Sources */ = {isa = PBXBuildFile; fileRef = 6B4D5AB22B75445D000B1901 /* NativeWebSocket.swift */; };
		6B4D5AB92B75445D000B1901 /* StarscreamProvider.swift in Sources */ = {isa = PBXBuildFile; fileRef = 6B4D5AB32B75445D000B1901 /* StarscreamProvider.swift */; };
		6B4D5ABA2B75445D000B1901 /* WebRTCClient.swift in Sources */ = {isa = PBXBuildFile; fileRef = 6B4D5AB42B75445D000B1901 /* WebRTCClient.swift */; };
		6B4D5ABB2B75445D000B1901 /* SignalingClient.swift in Sources */ = {isa = PBXBuildFile; fileRef = 6B4D5AB52B75445D000B1901 /* SignalingClient.swift */; };
		6B4D5AC02B754498000B1901 /* RTCStates.swift in Sources */ = {isa = PBXBuildFile; fileRef = 6B4D5ABD2B754498000B1901 /* RTCStates.swift */; };
		6B4D5AC12B754498000B1901 /* SessionDescription.swift in Sources */ = {isa = PBXBuildFile; fileRef = 6B4D5ABE2B754498000B1901 /* SessionDescription.swift */; };
		6B4D5AC22B754498000B1901 /* IceCandidate.swift in Sources */ = {isa = PBXBuildFile; fileRef = 6B4D5ABF2B754498000B1901 /* IceCandidate.swift */; };
		6B4D5AC62B75DAB1000B1901 /* Config.swift in Sources */ = {isa = PBXBuildFile; fileRef = 6B4D5AC42B75DAB1000B1901 /* Config.swift */; };
		6B4D5ACE2B75F820000B1901 /* VideoViewController.xib in Resources */ = {isa = PBXBuildFile; fileRef = 6B4D5ACC2B75F820000B1901 /* VideoViewController.xib */; };
		6B4D5ACF2B75F820000B1901 /* VideoViewController.swift in Sources */ = {isa = PBXBuildFile; fileRef = 6B4D5ACD2B75F820000B1901 /* VideoViewController.swift */; };
		6B4D5AD12B7622B8000B1901 /* First.swift in Sources */ = {isa = PBXBuildFile; fileRef = 6B4D5AD02B7622B8000B1901 /* First.swift */; };
/* End PBXBuildFile section */

/* Begin PBXFileReference section */
		6B4D5A8D2B7512DB000B1901 /* VideoWebRTC.app */ = {isa = PBXFileReference; explicitFileType = wrapper.application; includeInIndex = 0; path = VideoWebRTC.app; sourceTree = BUILT_PRODUCTS_DIR; };
		6B4D5A902B7512DB000B1901 /* VideoWebRTCApp.swift */ = {isa = PBXFileReference; lastKnownFileType = sourcecode.swift; path = VideoWebRTCApp.swift; sourceTree = "<group>"; };
		6B4D5A942B7512DD000B1901 /* Assets.xcassets */ = {isa = PBXFileReference; lastKnownFileType = folder.assetcatalog; path = Assets.xcassets; sourceTree = "<group>"; };
		6B4D5A972B7512DD000B1901 /* Preview Assets.xcassets */ = {isa = PBXFileReference; lastKnownFileType = folder.assetcatalog; path = "Preview Assets.xcassets"; sourceTree = "<group>"; };
		6B4D5A9F2B751301000B1901 /* MainView.swift */ = {isa = PBXFileReference; lastKnownFileType = sourcecode.swift; path = MainView.swift; sourceTree = "<group>"; };
		6B4D5AAA2B754262000B1901 /* MainViewController.swift */ = {isa = PBXFileReference; lastKnownFileType = sourcecode.swift; path = MainViewController.swift; sourceTree = "<group>"; };
		6B4D5AAF2B75445D000B1901 /* Message.swift */ = {isa = PBXFileReference; fileEncoding = 4; lastKnownFileType = sourcecode.swift; path = Message.swift; sourceTree = "<group>"; };
		6B4D5AB12B75445D000B1901 /* WebSocketProvider.swift */ = {isa = PBXFileReference; fileEncoding = 4; lastKnownFileType = sourcecode.swift; path = WebSocketProvider.swift; sourceTree = "<group>"; };
		6B4D5AB22B75445D000B1901 /* NativeWebSocket.swift */ = {isa = PBXFileReference; fileEncoding = 4; lastKnownFileType = sourcecode.swift; path = NativeWebSocket.swift; sourceTree = "<group>"; };
		6B4D5AB32B75445D000B1901 /* StarscreamProvider.swift */ = {isa = PBXFileReference; fileEncoding = 4; lastKnownFileType = sourcecode.swift; path = StarscreamProvider.swift; sourceTree = "<group>"; };
		6B4D5AB42B75445D000B1901 /* WebRTCClient.swift */ = {isa = PBXFileReference; fileEncoding = 4; lastKnownFileType = sourcecode.swift; path = WebRTCClient.swift; sourceTree = "<group>"; };
		6B4D5AB52B75445D000B1901 /* SignalingClient.swift */ = {isa = PBXFileReference; fileEncoding = 4; lastKnownFileType = sourcecode.swift; path = SignalingClient.swift; sourceTree = "<group>"; };
		6B4D5ABD2B754498000B1901 /* RTCStates.swift */ = {isa = PBXFileReference; fileEncoding = 4; lastKnownFileType = sourcecode.swift; path = RTCStates.swift; sourceTree = "<group>"; };
		6B4D5ABE2B754498000B1901 /* SessionDescription.swift */ = {isa = PBXFileReference; fileEncoding = 4; lastKnownFileType = sourcecode.swift; path = SessionDescription.swift; sourceTree = "<group>"; };
		6B4D5ABF2B754498000B1901 /* IceCandidate.swift */ = {isa = PBXFileReference; fileEncoding = 4; lastKnownFileType = sourcecode.swift; path = IceCandidate.swift; sourceTree = "<group>"; };
		6B4D5AC42B75DAB1000B1901 /* Config.swift */ = {isa = PBXFileReference; fileEncoding = 4; lastKnownFileType = sourcecode.swift; path = Config.swift; sourceTree = "<group>"; };
		6B4D5ACC2B75F820000B1901 /* VideoViewController.xib */ = {isa = PBXFileReference; fileEncoding = 4; lastKnownFileType = file.xib; path = VideoViewController.xib; sourceTree = "<group>"; };
		6B4D5ACD2B75F820000B1901 /* VideoViewController.swift */ = {isa = PBXFileReference; fileEncoding = 4; lastKnownFileType = sourcecode.swift; path = VideoViewController.swift; sourceTree = "<group>"; };
		6B4D5AD02B7622B8000B1901 /* First.swift */ = {isa = PBXFileReference; lastKnownFileType = sourcecode.swift; path = First.swift; sourceTree = "<group>"; };
/* End PBXFileReference section */

/* Begin PBXFrameworksBuildPhase section */
		6B4D5A8A2B7512DB000B1901 /* Frameworks */ = {
			isa = PBXFrameworksBuildPhase;
			buildActionMask = 2147483647;
			files = (
				6B4D5AA52B753F56000B1901 /* WebRTC in Frameworks */,
				6B4D5AA82B7540A0000B1901 /* Starscream in Frameworks */,
			);
			runOnlyForDeploymentPostprocessing = 0;
		};
/* End PBXFrameworksBuildPhase section */

/* Begin PBXGroup section */
		6B4D5A842B7512DB000B1901 = {
			isa = PBXGroup;
			children = (
				6B4D5A8F2B7512DB000B1901 /* VideoWebRTC */,
				6B4D5A8E2B7512DB000B1901 /* Products */,
			);
			sourceTree = "<group>";
		};
		6B4D5A8E2B7512DB000B1901 /* Products */ = {
			isa = PBXGroup;
			children = (
				6B4D5A8D2B7512DB000B1901 /* VideoWebRTC.app */,
			);
			name = Products;
			sourceTree = "<group>";
		};
		6B4D5A8F2B7512DB000B1901 /* VideoWebRTC */ = {
			isa = PBXGroup;
			children = (
				6B4D5AC42B75DAB1000B1901 /* Config.swift */,
				6B4D5AD02B7622B8000B1901 /* First.swift */,
				6B4D5A902B7512DB000B1901 /* VideoWebRTCApp.swift */,
				6B4D5AAE2B75445D000B1901 /* Services */,
				6B4D5A9E2B7512E7000B1901 /* Views */,
				6B4D5ABC2B754498000B1901 /* Extensions */,
				6B4D5A942B7512DD000B1901 /* Assets.xcassets */,
				6B4D5A962B7512DD000B1901 /* Preview Content */,
			);
			path = VideoWebRTC;
			sourceTree = "<group>";
		};
		6B4D5A962B7512DD000B1901 /* Preview Content */ = {
			isa = PBXGroup;
			children = (
				6B4D5A972B7512DD000B1901 /* Preview Assets.xcassets */,
			);
			path = "Preview Content";
			sourceTree = "<group>";
		};
		6B4D5A9E2B7512E7000B1901 /* Views */ = {
			isa = PBXGroup;
			children = (
				6B69E3CD2B82249600961B4F /* MainScreen */,
				6B4D5ACB2B75F820000B1901 /* VideoScreen */,
			);
			path = Views;
			sourceTree = "<group>";
		};
		6B4D5AAE2B75445D000B1901 /* Services */ = {
			isa = PBXGroup;
			children = (
				6B4D5AB02B75445D000B1901 /* WebSocketProvider */,
				6B4D5AAF2B75445D000B1901 /* Message.swift */,
				6B4D5AB42B75445D000B1901 /* WebRTCClient.swift */,
				6B4D5AB52B75445D000B1901 /* SignalingClient.swift */,
			);
			path = Services;
			sourceTree = "<group>";
		};
		6B4D5AB02B75445D000B1901 /* WebSocketProvider */ = {
			isa = PBXGroup;
			children = (
				6B4D5AB12B75445D000B1901 /* WebSocketProvider.swift */,
				6B4D5AB22B75445D000B1901 /* NativeWebSocket.swift */,
				6B4D5AB32B75445D000B1901 /* StarscreamProvider.swift */,
			);
			path = WebSocketProvider;
			sourceTree = "<group>";
		};
		6B4D5ABC2B754498000B1901 /* Extensions */ = {
			isa = PBXGroup;
			children = (
				6B4D5ABD2B754498000B1901 /* RTCStates.swift */,
				6B4D5ABE2B754498000B1901 /* SessionDescription.swift */,
				6B4D5ABF2B754498000B1901 /* IceCandidate.swift */,
			);
			path = Extensions;
			sourceTree = "<group>";
		};
		6B4D5ACB2B75F820000B1901 /* VideoScreen */ = {
			isa = PBXGroup;
			children = (
				6B4D5ACC2B75F820000B1901 /* VideoViewController.xib */,
				6B4D5ACD2B75F820000B1901 /* VideoViewController.swift */,
			);
			path = VideoScreen;
			sourceTree = "<group>";
		};
		6B69E3CD2B82249600961B4F /* MainScreen */ = {
			isa = PBXGroup;
			children = (
				6B4D5A9F2B751301000B1901 /* MainView.swift */,
				6B4D5AAA2B754262000B1901 /* MainViewController.swift */,
			);
			path = MainScreen;
			sourceTree = "<group>";
		};
/* End PBXGroup section */

/* Begin PBXNativeTarget section */
		6B4D5A8C2B7512DB000B1901 /* VideoWebRTC */ = {
			isa = PBXNativeTarget;
			buildConfigurationList = 6B4D5A9B2B7512DD000B1901 /* Build configuration list for PBXNativeTarget "VideoWebRTC" */;
			buildPhases = (
				6B4D5A892B7512DB000B1901 /* Sources */,
				6B4D5A8A2B7512DB000B1901 /* Frameworks */,
				6B4D5A8B2B7512DB000B1901 /* Resources */,
			);
			buildRules = (
			);
			dependencies = (
			);
			name = VideoWebRTC;
			packageProductDependencies = (
				6B4D5AA42B753F56000B1901 /* WebRTC */,
				6B4D5AA72B7540A0000B1901 /* Starscream */,
			);
			productName = VideoWebRTC;
			productReference = 6B4D5A8D2B7512DB000B1901 /* VideoWebRTC.app */;
			productType = "com.apple.product-type.application";
		};
/* End PBXNativeTarget section */

/* Begin PBXProject section */
		6B4D5A852B7512DB000B1901 /* Project object */ = {
			isa = PBXProject;
			attributes = {
				BuildIndependentTargetsInParallel = 1;
				LastSwiftUpdateCheck = 1520;
				LastUpgradeCheck = 1520;
				TargetAttributes = {
					6B4D5A8C2B7512DB000B1901 = {
						CreatedOnToolsVersion = 15.2;
					};
				};
			};
			buildConfigurationList = 6B4D5A882B7512DB000B1901 /* Build configuration list for PBXProject "VideoWebRTC" */;
			compatibilityVersion = "Xcode 14.0";
			developmentRegion = en;
			hasScannedForEncodings = 0;
			knownRegions = (
				en,
				Base,
			);
			mainGroup = 6B4D5A842B7512DB000B1901;
			packageReferences = (
				6B4D5AA32B753F56000B1901 /* XCRemoteSwiftPackageReference "WebRTC" */,
				6B4D5AA62B7540A0000B1901 /* XCRemoteSwiftPackageReference "Starscream" */,
			);
			productRefGroup = 6B4D5A8E2B7512DB000B1901 /* Products */;
			projectDirPath = "";
			projectRoot = "";
			targets = (
				6B4D5A8C2B7512DB000B1901 /* VideoWebRTC */,
			);
		};
/* End PBXProject section */

/* Begin PBXResourcesBuildPhase section */
		6B4D5A8B2B7512DB000B1901 /* Resources */ = {
			isa = PBXResourcesBuildPhase;
			buildActionMask = 2147483647;
			files = (
				6B4D5A982B7512DD000B1901 /* Preview Assets.xcassets in Resources */,
				6B4D5A952B7512DD000B1901 /* Assets.xcassets in Resources */,
				6B4D5ACE2B75F820000B1901 /* VideoViewController.xib in Resources */,
			);
			runOnlyForDeploymentPostprocessing = 0;
		};
/* End PBXResourcesBuildPhase section */

/* Begin PBXSourcesBuildPhase section */
		6B4D5A892B7512DB000B1901 /* Sources */ = {
			isa = PBXSourcesBuildPhase;
			buildActionMask = 2147483647;
			files = (
				6B4D5AB92B75445D000B1901 /* StarscreamProvider.swift in Sources */,
				6B4D5ABA2B75445D000B1901 /* WebRTCClient.swift in Sources */,
				6B4D5AC02B754498000B1901 /* RTCStates.swift in Sources */,
				6B4D5AA02B751301000B1901 /* MainView.swift in Sources */,
				6B4D5A912B7512DB000B1901 /* VideoWebRTCApp.swift in Sources */,
				6B4D5AC12B754498000B1901 /* SessionDescription.swift in Sources */,
				6B4D5AC22B754498000B1901 /* IceCandidate.swift in Sources */,
				6B4D5ABB2B75445D000B1901 /* SignalingClient.swift in Sources */,
				6B4D5AD12B7622B8000B1901 /* First.swift in Sources */,
				6B4D5ACF2B75F820000B1901 /* VideoViewController.swift in Sources */,
				6B4D5AB72B75445D000B1901 /* WebSocketProvider.swift in Sources */,
				6B4D5AB62B75445D000B1901 /* Message.swift in Sources */,
				6B4D5AC62B75DAB1000B1901 /* Config.swift in Sources */,
				6B4D5AB82B75445D000B1901 /* NativeWebSocket.swift in Sources */,
				6B4D5AAB2B754262000B1901 /* MainViewController.swift in Sources */,
			);
			runOnlyForDeploymentPostprocessing = 0;
		};
/* End PBXSourcesBuildPhase section */

/* Begin XCBuildConfiguration section */
		6B4D5A992B7512DD000B1901 /* Debug */ = {
			isa = XCBuildConfiguration;
			buildSettings = {
				ALWAYS_SEARCH_USER_PATHS = NO;
				ASSETCATALOG_COMPILER_GENERATE_SWIFT_ASSET_SYMBOL_EXTENSIONS = YES;
				CLANG_ANALYZER_NONNULL = YES;
				CLANG_ANALYZER_NUMBER_OBJECT_CONVERSION = YES_AGGRESSIVE;
				CLANG_CXX_LANGUAGE_STANDARD = "gnu++20";
				CLANG_ENABLE_MODULES = YES;
				CLANG_ENABLE_OBJC_ARC = YES;
				CLANG_ENABLE_OBJC_WEAK = YES;
				CLANG_WARN_BLOCK_CAPTURE_AUTORELEASING = YES;
				CLANG_WARN_BOOL_CONVERSION = YES;
				CLANG_WARN_COMMA = YES;
				CLANG_WARN_CONSTANT_CONVERSION = YES;
				CLANG_WARN_DEPRECATED_OBJC_IMPLEMENTATIONS = YES;
				CLANG_WARN_DIRECT_OBJC_ISA_USAGE = YES_ERROR;
				CLANG_WARN_DOCUMENTATION_COMMENTS = YES;
				CLANG_WARN_EMPTY_BODY = YES;
				CLANG_WARN_ENUM_CONVERSION = YES;
				CLANG_WARN_INFINITE_RECURSION = YES;
				CLANG_WARN_INT_CONVERSION = YES;
				CLANG_WARN_NON_LITERAL_NULL_CONVERSION = YES;
				CLANG_WARN_OBJC_IMPLICIT_RETAIN_SELF = YES;
				CLANG_WARN_OBJC_LITERAL_CONVERSION = YES;
				CLANG_WARN_OBJC_ROOT_CLASS = YES_ERROR;
				CLANG_WARN_QUOTED_INCLUDE_IN_FRAMEWORK_HEADER = YES;
				CLANG_WARN_RANGE_LOOP_ANALYSIS = YES;
				CLANG_WARN_STRICT_PROTOTYPES = YES;
				CLANG_WARN_SUSPICIOUS_MOVE = YES;
				CLANG_WARN_UNGUARDED_AVAILABILITY = YES_AGGRESSIVE;
				CLANG_WARN_UNREACHABLE_CODE = YES;
				CLANG_WARN__DUPLICATE_METHOD_MATCH = YES;
				COPY_PHASE_STRIP = NO;
				DEBUG_INFORMATION_FORMAT = dwarf;
				ENABLE_STRICT_OBJC_MSGSEND = YES;
				ENABLE_TESTABILITY = YES;
				ENABLE_USER_SCRIPT_SANDBOXING = YES;
				GCC_C_LANGUAGE_STANDARD = gnu17;
				GCC_DYNAMIC_NO_PIC = NO;
				GCC_NO_COMMON_BLOCKS = YES;
				GCC_OPTIMIZATION_LEVEL = 0;
				GCC_PREPROCESSOR_DEFINITIONS = (
					"DEBUG=1",
					"$(inherited)",
				);
				GCC_WARN_64_TO_32_BIT_CONVERSION = YES;
				GCC_WARN_ABOUT_RETURN_TYPE = YES_ERROR;
				GCC_WARN_UNDECLARED_SELECTOR = YES;
				GCC_WARN_UNINITIALIZED_AUTOS = YES_AGGRESSIVE;
				GCC_WARN_UNUSED_FUNCTION = YES;
				GCC_WARN_UNUSED_VARIABLE = YES;
				IPHONEOS_DEPLOYMENT_TARGET = 16.0;
				LOCALIZATION_PREFERS_STRING_CATALOGS = YES;
				MTL_ENABLE_DEBUG_INFO = INCLUDE_SOURCE;
				MTL_FAST_MATH = YES;
				ONLY_ACTIVE_ARCH = YES;
				SDKROOT = iphoneos;
				SWIFT_ACTIVE_COMPILATION_CONDITIONS = "DEBUG $(inherited)";
				SWIFT_OPTIMIZATION_LEVEL = "-Onone";
			};
			name = Debug;
		};
		6B4D5A9A2B7512DD000B1901 /* Release */ = {
			isa = XCBuildConfiguration;
			buildSettings = {
				ALWAYS_SEARCH_USER_PATHS = NO;
				ASSETCATALOG_COMPILER_GENERATE_SWIFT_ASSET_SYMBOL_EXTENSIONS = YES;
				CLANG_ANALYZER_NONNULL = YES;
				CLANG_ANALYZER_NUMBER_OBJECT_CONVERSION = YES_AGGRESSIVE;
				CLANG_CXX_LANGUAGE_STANDARD = "gnu++20";
				CLANG_ENABLE_MODULES = YES;
				CLANG_ENABLE_OBJC_ARC = YES;
				CLANG_ENABLE_OBJC_WEAK = YES;
				CLANG_WARN_BLOCK_CAPTURE_AUTORELEASING = YES;
				CLANG_WARN_BOOL_CONVERSION = YES;
				CLANG_WARN_COMMA = YES;
				CLANG_WARN_CONSTANT_CONVERSION = YES;
				CLANG_WARN_DEPRECATED_OBJC_IMPLEMENTATIONS = YES;
				CLANG_WARN_DIRECT_OBJC_ISA_USAGE = YES_ERROR;
				CLANG_WARN_DOCUMENTATION_COMMENTS = YES;
				CLANG_WARN_EMPTY_BODY = YES;
				CLANG_WARN_ENUM_CONVERSION = YES;
				CLANG_WARN_INFINITE_RECURSION = YES;
				CLANG_WARN_INT_CONVERSION = YES;
				CLANG_WARN_NON_LITERAL_NULL_CONVERSION = YES;
				CLANG_WARN_OBJC_IMPLICIT_RETAIN_SELF = YES;
				CLANG_WARN_OBJC_LITERAL_CONVERSION = YES;
				CLANG_WARN_OBJC_ROOT_CLASS = YES_ERROR;
				CLANG_WARN_QUOTED_INCLUDE_IN_FRAMEWORK_HEADER = YES;
				CLANG_WARN_RANGE_LOOP_ANALYSIS = YES;
				CLANG_WARN_STRICT_PROTOTYPES = YES;
				CLANG_WARN_SUSPICIOUS_MOVE = YES;
				CLANG_WARN_UNGUARDED_AVAILABILITY = YES_AGGRESSIVE;
				CLANG_WARN_UNREACHABLE_CODE = YES;
				CLANG_WARN__DUPLICATE_METHOD_MATCH = YES;
				COPY_PHASE_STRIP = NO;
				DEBUG_INFORMATION_FORMAT = "dwarf-with-dsym";
				ENABLE_NS_ASSERTIONS = NO;
				ENABLE_STRICT_OBJC_MSGSEND = YES;
				ENABLE_USER_SCRIPT_SANDBOXING = YES;
				GCC_C_LANGUAGE_STANDARD = gnu17;
				GCC_NO_COMMON_BLOCKS = YES;
				GCC_WARN_64_TO_32_BIT_CONVERSION = YES;
				GCC_WARN_ABOUT_RETURN_TYPE = YES_ERROR;
				GCC_WARN_UNDECLARED_SELECTOR = YES;
				GCC_WARN_UNINITIALIZED_AUTOS = YES_AGGRESSIVE;
				GCC_WARN_UNUSED_FUNCTION = YES;
				GCC_WARN_UNUSED_VARIABLE = YES;
				IPHONEOS_DEPLOYMENT_TARGET = 16.0;
				LOCALIZATION_PREFERS_STRING_CATALOGS = YES;
				MTL_ENABLE_DEBUG_INFO = NO;
				MTL_FAST_MATH = YES;
				SDKROOT = iphoneos;
				SWIFT_COMPILATION_MODE = wholemodule;
				VALIDATE_PRODUCT = YES;
			};
			name = Release;
		};
		6B4D5A9C2B7512DD000B1901 /* Debug */ = {
			isa = XCBuildConfiguration;
			buildSettings = {
				ASSETCATALOG_COMPILER_APPICON_NAME = AppIcon;
				ASSETCATALOG_COMPILER_GLOBAL_ACCENT_COLOR_NAME = AccentColor;
				CODE_SIGN_STYLE = Automatic;
				CURRENT_PROJECT_VERSION = 1;
				DEVELOPMENT_ASSET_PATHS = "\"VideoWebRTC/Preview Content\"";
				DEVELOPMENT_TEAM = 493N43Z9JD;
				ENABLE_PREVIEWS = YES;
				GENERATE_INFOPLIST_FILE = YES;
				INFOPLIST_FILE = VideoWebRTC/Info.plist;
				INFOPLIST_KEY_NSCameraUsageDescription = "VideoWebRTC Requires camera access in order to capture and transmit video";
				INFOPLIST_KEY_NSMicrophoneUsageDescription = "VideoWebRTC Requires microphone access in order to capture and transmit audio";
				INFOPLIST_KEY_UIApplicationSceneManifest_Generation = YES;
				INFOPLIST_KEY_UIApplicationSupportsIndirectInputEvents = YES;
				INFOPLIST_KEY_UILaunchScreen_Generation = YES;
				INFOPLIST_KEY_UISupportedInterfaceOrientations_iPad = "UIInterfaceOrientationPortrait UIInterfaceOrientationPortraitUpsideDown UIInterfaceOrientationLandscapeLeft UIInterfaceOrientationLandscapeRight";
				INFOPLIST_KEY_UISupportedInterfaceOrientations_iPhone = "UIInterfaceOrientationPortrait UIInterfaceOrientationLandscapeLeft UIInterfaceOrientationLandscapeRight";
				IPHONEOS_DEPLOYMENT_TARGET = 16.0;
				LD_RUNPATH_SEARCH_PATHS = (
					"$(inherited)",
					"@executable_path/Frameworks",
				);
				MARKETING_VERSION = 1.0;
				PRODUCT_BUNDLE_IDENTIFIER = uday.personal.VideoWebRTC;
				PRODUCT_NAME = "$(TARGET_NAME)";
				SWIFT_EMIT_LOC_STRINGS = YES;
				SWIFT_VERSION = 5.0;
				TARGETED_DEVICE_FAMILY = "1,2";
			};
			name = Debug;
		};
		6B4D5A9D2B7512DD000B1901 /* Release */ = {
			isa = XCBuildConfiguration;
			buildSettings = {
				ASSETCATALOG_COMPILER_APPICON_NAME = AppIcon;
				ASSETCATALOG_COMPILER_GLOBAL_ACCENT_COLOR_NAME = AccentColor;
				CODE_SIGN_STYLE = Automatic;
				CURRENT_PROJECT_VERSION = 1;
				DEVELOPMENT_ASSET_PATHS = "\"VideoWebRTC/Preview Content\"";
				DEVELOPMENT_TEAM = 493N43Z9JD;
				ENABLE_PREVIEWS = YES;
				GENERATE_INFOPLIST_FILE = YES;
				INFOPLIST_FILE = VideoWebRTC/Info.plist;
				INFOPLIST_KEY_NSCameraUsageDescription = "VideoWebRTC Requires camera access in order to capture and transmit video";
				INFOPLIST_KEY_NSMicrophoneUsageDescription = "VideoWebRTC Requires microphone access in order to capture and transmit audio";
				INFOPLIST_KEY_UIApplicationSceneManifest_Generation = YES;
				INFOPLIST_KEY_UIApplicationSupportsIndirectInputEvents = YES;
				INFOPLIST_KEY_UILaunchScreen_Generation = YES;
				INFOPLIST_KEY_UISupportedInterfaceOrientations_iPad = "UIInterfaceOrientationPortrait UIInterfaceOrientationPortraitUpsideDown UIInterfaceOrientationLandscapeLeft UIInterfaceOrientationLandscapeRight";
				INFOPLIST_KEY_UISupportedInterfaceOrientations_iPhone = "UIInterfaceOrientationPortrait UIInterfaceOrientationLandscapeLeft UIInterfaceOrientationLandscapeRight";
				IPHONEOS_DEPLOYMENT_TARGET = 16.0;
				LD_RUNPATH_SEARCH_PATHS = (
					"$(inherited)",
					"@executable_path/Frameworks",
				);
				MARKETING_VERSION = 1.0;
				PRODUCT_BUNDLE_IDENTIFIER = uday.personal.VideoWebRTC;
				PRODUCT_NAME = "$(TARGET_NAME)";
				SWIFT_EMIT_LOC_STRINGS = YES;
				SWIFT_VERSION = 5.0;
				TARGETED_DEVICE_FAMILY = "1,2";
			};
			name = Release;
		};
/* End XCBuildConfiguration section */

/* Begin XCConfigurationList section */
		6B4D5A882B7512DB000B1901 /* Build configuration list for PBXProject "VideoWebRTC" */ = {
			isa = XCConfigurationList;
			buildConfigurations = (
				6B4D5A992B7512DD000B1901 /* Debug */,
				6B4D5A9A2B7512DD000B1901 /* Release */,
			);
			defaultConfigurationIsVisible = 0;
			defaultConfigurationName = Release;
		};
		6B4D5A9B2B7512DD000B1901 /* Build configuration list for PBXNativeTarget "VideoWebRTC" */ = {
			isa = XCConfigurationList;
			buildConfigurations = (
				6B4D5A9C2B7512DD000B1901 /* Debug */,
				6B4D5A9D2B7512DD000B1901 /* Release */,
			);
			defaultConfigurationIsVisible = 0;
			defaultConfigurationName = Release;
		};
/* End XCConfigurationList section */

/* Begin XCRemoteSwiftPackageReference section */
		6B4D5AA32B753F56000B1901 /* XCRemoteSwiftPackageReference "WebRTC" */ = {
			isa = XCRemoteSwiftPackageReference;
			repositoryURL = "https://github.com/stasel/WebRTC.git";
			requirement = {
				kind = upToNextMajorVersion;
				minimumVersion = 121.0.0;
			};
		};
		6B4D5AA62B7540A0000B1901 /* XCRemoteSwiftPackageReference "Starscream" */ = {
			isa = XCRemoteSwiftPackageReference;
			repositoryURL = "https://github.com/daltoniam/Starscream.git";
			requirement = {
				kind = upToNextMajorVersion;
				minimumVersion = 4.0.6;
			};
		};
/* End XCRemoteSwiftPackageReference section */

/* Begin XCSwiftPackageProductDependency section */
		6B4D5AA42B753F56000B1901 /* WebRTC */ = {
			isa = XCSwiftPackageProductDependency;
			package = 6B4D5AA32B753F56000B1901 /* XCRemoteSwiftPackageReference "WebRTC" */;
			productName = WebRTC;
		};
		6B4D5AA72B7540A0000B1901 /* Starscream */ = {
			isa = XCSwiftPackageProductDependency;
			package = 6B4D5AA62B7540A0000B1901 /* XCRemoteSwiftPackageReference "Starscream" */;
			productName = Starscream;
		};
/* End XCSwiftPackageProductDependency section */
	};
	rootObject = 6B4D5A852B7512DB000B1901 /* Project object */;
}
